{
  "version": "1.0.0",
  "lockfileVersion": 1,
  "requires": true,
  "dependencies": {
    "args-parser": {
      "version": "1.3.0",
      "resolved": "https://registry.npmjs.org/args-parser/-/args-parser-1.3.0.tgz",
      "integrity": "sha512-If3Zi4BSjlQIJ9fgAhSiKi0oJtgMzSqh0H4wvl7XSeO16FKx7QqaHld8lZeEajPX7y1C5qKKeNgyrfyvmjmjUQ=="
    },
    "dgram": {
      "version": "1.0.1",
      "resolved": "https://registry.npmjs.org/dgram/-/dgram-1.0.1.tgz",
      "integrity": "sha512-zJVFL1EWfKtE0z2VN6qfpn/a+qG1viEzcwJA0EjtzS76ONSE3sEyWBwEbo32hS4IFw/EWVuWN+8b89aPW6It2A=="
    },
    "elparser": {
      "version": "0.0.9",
      "resolved": "https://registry.npmjs.org/elparser/-/elparser-0.0.9.tgz",
      "integrity": "sha512-6XiE/jC/ubjzYjcRe69Bz4Q3yMZy9bH7+sQhvge3lQlmwNcv/ZxgHtY7XEU/2F9NX497pG+HEXh/B2BNz/kCgQ=="
    }
  }
}
